
Microsoft Visual Studio Solution File, Format Version 12.00
# Visual Studio Version 17
VisualStudioVersion = 17.0.31903.59
MinimumVisualStudioVersion = 10.0.40219.1
Project("{FAE04EC0-301F-11D3-BF4B-00C04F79EFBC}") = "GeoResolver", "GeoResolver\GeoResolver.csproj", "{32C87BED-65C6-497D-A525-DF6D2E5FF5C2}"
EndProject
Project("{FAE04EC0-301F-11D3-BF4B-00C04F79EFBC}") = "GeoResolver.DataUpdater", "GeoResolver.DataUpdater\GeoResolver.DataUpdater.csproj", "{8BCA81F2-B9B4-472E-B4AA-D4ADCA0B0448}"
EndProject
Project("{2150E333-8FDC-42A3-9474-1A3956D46DE8}") = "Solution Items", "Solution Items", "{652F0008-C819-42A3-A4BF-92F9A2220D06}"
	ProjectSection(SolutionItems) = preProject
		compose.yaml = compose.yaml
	EndProjectSection
EndProject
Project("{FAE04EC0-301F-11D3-BF4B-00C04F79EFBC}") = "GeoResolver.Models", "GeoResolver.Models\GeoResolver.Models.csproj", "{3779D91E-DCAD-4D14-91C8-5FDBF2C3F375}"
EndProject
Global
	GlobalSection(SolutionConfigurationPlatforms) = preSolution
		Debug|Any CPU = Debug|Any CPU
		Debug|x64 = Debug|x64
		Debug|x86 = Debug|x86
		Release|Any CPU = Release|Any CPU
		Release|x64 = Release|x64
		Release|x86 = Release|x86
	EndGlobalSection
	GlobalSection(ProjectConfigurationPlatforms) = postSolution
		{32C87BED-65C6-497D-A525-DF6D2E5FF5C2}.Debug|Any CPU.ActiveCfg = Debug|Any CPU
		{32C87BED-65C6-497D-A525-DF6D2E5FF5C2}.Debug|Any CPU.Build.0 = Debug|Any CPU
		{32C87BED-65C6-497D-A525-DF6D2E5FF5C2}.Debug|x64.ActiveCfg = Debug|Any CPU
		{32C87BED-65C6-497D-A525-DF6D2E5FF5C2}.Debug|x64.Build.0 = Debug|Any CPU
		{32C87BED-65C6-497D-A525-DF6D2E5FF5C2}.Debug|x86.ActiveCfg = Debug|Any CPU
		{32C87BED-65C6-497D-A525-DF6D2E5FF5C2}.Debug|x86.Build.0 = Debug|Any CPU
		{32C87BED-65C6-497D-A525-DF6D2E5FF5C2}.Release|Any CPU.ActiveCfg = Release|Any CPU
		{32C87BED-65C6-497D-A525-DF6D2E5FF5C2}.Release|Any CPU.Build.0 = Release|Any CPU
		{32C87BED-65C6-497D-A525-DF6D2E5FF5C2}.Release|x64.ActiveCfg = Release|Any CPU
		{32C87BED-65C6-497D-A525-DF6D2E5FF5C2}.Release|x64.Build.0 = Release|Any CPU
		{32C87BED-65C6-497D-A525-DF6D2E5FF5C2}.Release|x86.ActiveCfg = Release|Any CPU
		{32C87BED-65C6-497D-A525-DF6D2E5FF5C2}.Release|x86.Build.0 = Release|Any CPU
		{8BCA81F2-B9B4-472E-B4AA-D4ADCA0B0448}.Debug|Any CPU.ActiveCfg = Debug|Any CPU
		{8BCA81F2-B9B4-472E-B4AA-D4ADCA0B0448}.Debug|Any CPU.Build.0 = Debug|Any CPU
		{8BCA81F2-B9B4-472E-B4AA-D4ADCA0B0448}.Debug|x64.ActiveCfg = Debug|Any CPU
		{8BCA81F2-B9B4-472E-B4AA-D4ADCA0B0448}.Debug|x64.Build.0 = Debug|Any CPU
		{8BCA81F2-B9B4-472E-B4AA-D4ADCA0B0448}.Debug|x86.ActiveCfg = Debug|Any CPU
		{8BCA81F2-B9B4-472E-B4AA-D4ADCA0B0448}.Debug|x86.Build.0 = Debug|Any CPU
		{8BCA81F2-B9B4-472E-B4AA-D4ADCA0B0448}.Release|Any CPU.ActiveCfg = Release|Any CPU
		{8BCA81F2-B9B4-472E-B4AA-D4ADCA0B0448}.Release|Any CPU.Build.0 = Release|Any CPU
		{8BCA81F2-B9B4-472E-B4AA-D4ADCA0B0448}.Release|x64.ActiveCfg = Release|Any CPU
		{8BCA81F2-B9B4-472E-B4AA-D4ADCA0B0448}.Release|x64.Build.0 = Release|Any CPU
		{8BCA81F2-B9B4-472E-B4AA-D4ADCA0B0448}.Release|x86.ActiveCfg = Release|Any CPU
		{8BCA81F2-B9B4-472E-B4AA-D4ADCA0B0448}.Release|x86.Build.0 = Release|Any CPU
		{3779D91E-DCAD-4D14-91C8-5FDBF2C3F375}.Debug|Any CPU.ActiveCfg = Debug|Any CPU
		{3779D91E-DCAD-4D14-91C8-5FDBF2C3F375}.Debug|Any CPU.Build.0 = Debug|Any CPU
		{3779D91E-DCAD-4D14-91C8-5FDBF2C3F375}.Debug|x64.ActiveCfg = Debug|Any CPU
		{3779D91E-DCAD-4D14-91C8-5FDBF2C3F375}.Debug|x64.Build.0 = Debug|Any CPU
		{3779D91E-DCAD-4D14-91C8-5FDBF2C3F375}.Debug|x86.ActiveCfg = Debug|Any CPU
		{3779D91E-DCAD-4D14-91C8-5FDBF2C3F375}.Debug|x86.Build.0 = Debug|Any CPU
		{3779D91E-DCAD-4D14-91C8-5FDBF2C3F375}.Release|Any CPU.ActiveCfg = Release|Any CPU
		{3779D91E-DCAD-4D14-91C8-5FDBF2C3F375}.Release|Any CPU.Build.0 = Release|Any CPU
		{3779D91E-DCAD-4D14-91C8-5FDBF2C3F375}.Release|x64.ActiveCfg = Release|Any CPU
		{3779D91E-DCAD-4D14-91C8-5FDBF2C3F375}.Release|x64.Build.0 = Release|Any CPU
		{3779D91E-DCAD-4D14-91C8-5FDBF2C3F375}.Release|x86.ActiveCfg = Release|Any CPU
		{3779D91E-DCAD-4D14-91C8-5FDBF2C3F375}.Release|x86.Build.0 = Release|Any CPU
	EndGlobalSection
	GlobalSection(SolutionProperties) = preSolution
		HideSolutionNode = FALSE
	EndGlobalSection
EndGlobal
